
Microsoft Visual Studio Solution File, Format Version 12.00
# Visual Studio 14
VisualStudioVersion = 14.0.25420.1
MinimumVisualStudioVersion = 10.0.40219.1
Project("{FAE04EC0-301F-11D3-BF4B-00C04F79EFBC}") = "TwilioConference", "TwilioConference\TwilioConference.csproj", "{4C6C7D88-1002-4AF3-A23E-534EF7602936}"
EndProject
Project("{FAE04EC0-301F-11D3-BF4B-00C04F79EFBC}") = "TwilioConference.Timer", "TwilioConference.Timer\TwilioConference.Timer.csproj", "{386764ED-D445-4565-B441-9735F28E0B12}"
EndProject
Project("{FAE04EC0-301F-11D3-BF4B-00C04F79EFBC}") = "TwilioConference.DataServices", "TwilioConference.DataServices\TwilioConference.DataServices.csproj", "{3B3F9A89-1EF1-440D-ADFF-11B2E2F658DB}"
EndProject
Project("{FAE04EC0-301F-11D3-BF4B-00C04F79EFBC}") = "TwilioConference.IntegrationTest", "TwilioConference.IntegrationTest\TwilioConference.IntegrationTest.csproj", "{C2818667-D52F-4E86-A732-AD71D7D788DA}"
EndProject
Global
	GlobalSection(SolutionConfigurationPlatforms) = preSolution
		Debug|Any CPU = Debug|Any CPU
		Release|Any CPU = Release|Any CPU
	EndGlobalSection
	GlobalSection(ProjectConfigurationPlatforms) = postSolution
		{4C6C7D88-1002-4AF3-A23E-534EF7602936}.Debug|Any CPU.ActiveCfg = Debug|Any CPU
		{4C6C7D88-1002-4AF3-A23E-534EF7602936}.Debug|Any CPU.Build.0 = Debug|Any CPU
		{4C6C7D88-1002-4AF3-A23E-534EF7602936}.Release|Any CPU.ActiveCfg = Release|Any CPU
		{4C6C7D88-1002-4AF3-A23E-534EF7602936}.Release|Any CPU.Build.0 = Release|Any CPU
		{386764ED-D445-4565-B441-9735F28E0B12}.Debug|Any CPU.ActiveCfg = Debug|Any CPU
		{386764ED-D445-4565-B441-9735F28E0B12}.Debug|Any CPU.Build.0 = Debug|Any CPU
		{386764ED-D445-4565-B441-9735F28E0B12}.Release|Any CPU.ActiveCfg = Release|Any CPU
		{386764ED-D445-4565-B441-9735F28E0B12}.Release|Any CPU.Build.0 = Release|Any CPU
		{3B3F9A89-1EF1-440D-ADFF-11B2E2F658DB}.Debug|Any CPU.ActiveCfg = Debug|Any CPU
		{3B3F9A89-1EF1-440D-ADFF-11B2E2F658DB}.Debug|Any CPU.Build.0 = Debug|Any CPU
		{3B3F9A89-1EF1-440D-ADFF-11B2E2F658DB}.Release|Any CPU.ActiveCfg = Release|Any CPU
		{3B3F9A89-1EF1-440D-ADFF-11B2E2F658DB}.Release|Any CPU.Build.0 = Release|Any CPU
		{C2818667-D52F-4E86-A732-AD71D7D788DA}.Debug|Any CPU.ActiveCfg = Debug|Any CPU
		{C2818667-D52F-4E86-A732-AD71D7D788DA}.Debug|Any CPU.Build.0 = Debug|Any CPU
		{C2818667-D52F-4E86-A732-AD71D7D788DA}.Release|Any CPU.ActiveCfg = Release|Any CPU
		{C2818667-D52F-4E86-A732-AD71D7D788DA}.Release|Any CPU.Build.0 = Release|Any CPU
	EndGlobalSection
	GlobalSection(SolutionProperties) = preSolution
		HideSolutionNode = FALSE
	EndGlobalSection
	GlobalSection(ExtensibilityGlobals) = postSolution
		SolutionGuid = {40BD4445-7FCE-4F32-9371-2B8D49BF019D}
	EndGlobalSection
EndGlobal
